// !$*UTF8*$!
{
	archiveVersion = 1;
	classes = {
	};
	objectVersion = 56;
	objects = {

/* Begin PBXBuildFile section */
		8D31384128BD5285007DAB7B /* TeamModel.swift in Sources */ = {isa = PBXBuildFile; fileRef = 8D31384028BD5285007DAB7B /* TeamModel.swift */; };
		8D31384328BD52D2007DAB7B /* RoundModel.swift in Sources */ = {isa = PBXBuildFile; fileRef = 8D31384228BD52D2007DAB7B /* RoundModel.swift */; };
		8D31384528BD537B007DAB7B /* GameViewModel.swift in Sources */ = {isa = PBXBuildFile; fileRef = 8D31384428BD537B007DAB7B /* GameViewModel.swift */; };
		8D31384728BD5931007DAB7B /* TeamScoreView.swift in Sources */ = {isa = PBXBuildFile; fileRef = 8D31384628BD5931007DAB7B /* TeamScoreView.swift */; };
		8D31384928BD610F007DAB7B /* ScorePickerView.swift in Sources */ = {isa = PBXBuildFile; fileRef = 8D31384828BD610F007DAB7B /* ScorePickerView.swift */; };
		8D31384B28BD630A007DAB7B /* ScoreToggleView.swift in Sources */ = {isa = PBXBuildFile; fileRef = 8D31384A28BD630A007DAB7B /* ScoreToggleView.swift */; };
		8D31384D28BD6E3E007DAB7B /* RoundListView.swift in Sources */ = {isa = PBXBuildFile; fileRef = 8D31384C28BD6E3E007DAB7B /* RoundListView.swift */; };
		8D31385028BD770D007DAB7B /* SettingsView.swift in Sources */ = {isa = PBXBuildFile; fileRef = 8D31384F28BD770D007DAB7B /* SettingsView.swift */; };
		8DF8CA3828BD504400017DC3 /* punktliApp.swift in Sources */ = {isa = PBXBuildFile; fileRef = 8DF8CA3728BD504400017DC3 /* punktliApp.swift */; };
		8DF8CA3A28BD504400017DC3 /* GameView.swift in Sources */ = {isa = PBXBuildFile; fileRef = 8DF8CA3928BD504400017DC3 /* GameView.swift */; };
		8DF8CA3C28BD504700017DC3 /* Assets.xcassets in Resources */ = {isa = PBXBuildFile; fileRef = 8DF8CA3B28BD504700017DC3 /* Assets.xcassets */; };
		8DF8CA3F28BD504700017DC3 /* Preview Assets.xcassets in Resources */ = {isa = PBXBuildFile; fileRef = 8DF8CA3E28BD504700017DC3 /* Preview Assets.xcassets */; };
/* End PBXBuildFile section */

/* Begin PBXFileReference section */
		8D31384028BD5285007DAB7B /* TeamModel.swift */ = {isa = PBXFileReference; lastKnownFileType = sourcecode.swift; path = TeamModel.swift; sourceTree = "<group>"; };
		8D31384228BD52D2007DAB7B /* RoundModel.swift */ = {isa = PBXFileReference; lastKnownFileType = sourcecode.swift; path = RoundModel.swift; sourceTree = "<group>"; };
		8D31384428BD537B007DAB7B /* GameViewModel.swift */ = {isa = PBXFileReference; lastKnownFileType = sourcecode.swift; name = GameViewModel.swift; path = punktli/ViewModels/GameViewModel.swift; sourceTree = SOURCE_ROOT; };
		8D31384628BD5931007DAB7B /* TeamScoreView.swift */ = {isa = PBXFileReference; lastKnownFileType = sourcecode.swift; path = TeamScoreView.swift; sourceTree = "<group>"; };
		8D31384828BD610F007DAB7B /* ScorePickerView.swift */ = {isa = PBXFileReference; lastKnownFileType = sourcecode.swift; path = ScorePickerView.swift; sourceTree = "<group>"; };
		8D31384A28BD630A007DAB7B /* ScoreToggleView.swift */ = {isa = PBXFileReference; lastKnownFileType = sourcecode.swift; name = ScoreToggleView.swift; path = punktli/Views/ScoreToggleView.swift; sourceTree = "<group>"; };
		8D31384C28BD6E3E007DAB7B /* RoundListView.swift */ = {isa = PBXFileReference; lastKnownFileType = sourcecode.swift; path = RoundListView.swift; sourceTree = "<group>"; };
		8D31384E28BD7698007DAB7B /* Info.plist */ = {isa = PBXFileReference; lastKnownFileType = text.plist; path = Info.plist; sourceTree = "<group>"; };
		8D31384F28BD770D007DAB7B /* SettingsView.swift */ = {isa = PBXFileReference; lastKnownFileType = sourcecode.swift; path = SettingsView.swift; sourceTree = "<group>"; };
		8DF8CA3428BD504400017DC3 /* punktli.app */ = {isa = PBXFileReference; explicitFileType = wrapper.application; includeInIndex = 0; path = punktli.app; sourceTree = BUILT_PRODUCTS_DIR; };
		8DF8CA3728BD504400017DC3 /* punktliApp.swift */ = {isa = PBXFileReference; lastKnownFileType = sourcecode.swift; path = punktliApp.swift; sourceTree = "<group>"; };
		8DF8CA3928BD504400017DC3 /* GameView.swift */ = {isa = PBXFileReference; lastKnownFileType = sourcecode.swift; path = GameView.swift; sourceTree = "<group>"; };
		8DF8CA3B28BD504700017DC3 /* Assets.xcassets */ = {isa = PBXFileReference; lastKnownFileType = folder.assetcatalog; path = Assets.xcassets; sourceTree = "<group>"; };
		8DF8CA3E28BD504700017DC3 /* Preview Assets.xcassets */ = {isa = PBXFileReference; lastKnownFileType = folder.assetcatalog; path = "Preview Assets.xcassets"; sourceTree = "<group>"; };
/* End PBXFileReference section */

/* Begin PBXFrameworksBuildPhase section */
		8DF8CA3128BD504400017DC3 /* Frameworks */ = {
			isa = PBXFrameworksBuildPhase;
			buildActionMask = 2147483647;
			files = (
			);
			runOnlyForDeploymentPostprocessing = 0;
		};
/* End PBXFrameworksBuildPhase section */

/* Begin PBXGroup section */
		8D31383D28BD524F007DAB7B /* Views */ = {
			isa = PBXGroup;
			children = (
				8DF8CA3928BD504400017DC3 /* GameView.swift */,
				8D31384F28BD770D007DAB7B /* SettingsView.swift */,
				8D31384C28BD6E3E007DAB7B /* RoundListView.swift */,
				8D31384628BD5931007DAB7B /* TeamScoreView.swift */,
				8D31384828BD610F007DAB7B /* ScorePickerView.swift */,
			);
			path = Views;
			sourceTree = "<group>";
		};
		8D31383E28BD5259007DAB7B /* Models */ = {
			isa = PBXGroup;
			children = (
				8D31384028BD5285007DAB7B /* TeamModel.swift */,
				8D31384228BD52D2007DAB7B /* RoundModel.swift */,
			);
			path = Models;
			sourceTree = "<group>";
		};
		8D31383F28BD5260007DAB7B /* ViewModels */ = {
			isa = PBXGroup;
			children = (
				8D31384428BD537B007DAB7B /* GameViewModel.swift */,
			);
			path = ViewModels;
			sourceTree = "<group>";
		};
		8DF8CA2B28BD504400017DC3 = {
			isa = PBXGroup;
			children = (
				8D31384A28BD630A007DAB7B /* ScoreToggleView.swift */,
				8DF8CA3628BD504400017DC3 /* punktli */,
				8DF8CA3528BD504400017DC3 /* Products */,
			);
			sourceTree = "<group>";
		};
		8DF8CA3528BD504400017DC3 /* Products */ = {
			isa = PBXGroup;
			children = (
				8DF8CA3428BD504400017DC3 /* punktli.app */,
			);
			name = Products;
			sourceTree = "<group>";
		};
		8DF8CA3628BD504400017DC3 /* punktli */ = {
			isa = PBXGroup;
			children = (
				8D31384E28BD7698007DAB7B /* Info.plist */,
				8DF8CA3728BD504400017DC3 /* punktliApp.swift */,
				8D31383E28BD5259007DAB7B /* Models */,
				8D31383F28BD5260007DAB7B /* ViewModels */,
				8D31383D28BD524F007DAB7B /* Views */,
				8DF8CA3B28BD504700017DC3 /* Assets.xcassets */,
				8DF8CA3D28BD504700017DC3 /* Preview Content */,
			);
			path = punktli;
			sourceTree = "<group>";
		};
		8DF8CA3D28BD504700017DC3 /* Preview Content */ = {
			isa = PBXGroup;
			children = (
				8DF8CA3E28BD504700017DC3 /* Preview Assets.xcassets */,
			);
			path = "Preview Content";
			sourceTree = "<group>";
		};
/* End PBXGroup section */

/* Begin PBXNativeTarget section */
		8DF8CA3328BD504400017DC3 /* punktli */ = {
			isa = PBXNativeTarget;
			buildConfigurationList = 8DF8CA4228BD504700017DC3 /* Build configuration list for PBXNativeTarget "punktli" */;
			buildPhases = (
				8DF8CA3028BD504400017DC3 /* Sources */,
				8DF8CA3128BD504400017DC3 /* Frameworks */,
				8DF8CA3228BD504400017DC3 /* Resources */,
			);
			buildRules = (
			);
			dependencies = (
			);
			name = punktli;
			productName = punktli;
			productReference = 8DF8CA3428BD504400017DC3 /* punktli.app */;
			productType = "com.apple.product-type.application";
		};
/* End PBXNativeTarget section */

/* Begin PBXProject section */
		8DF8CA2C28BD504400017DC3 /* Project object */ = {
			isa = PBXProject;
			attributes = {
				BuildIndependentTargetsInParallel = 1;
				LastSwiftUpdateCheck = 1400;
				LastUpgradeCheck = 1400;
				TargetAttributes = {
					8DF8CA3328BD504400017DC3 = {
						CreatedOnToolsVersion = 14.0;
					};
				};
			};
			buildConfigurationList = 8DF8CA2F28BD504400017DC3 /* Build configuration list for PBXProject "punktli" */;
			compatibilityVersion = "Xcode 14.0";
			developmentRegion = en;
			hasScannedForEncodings = 0;
			knownRegions = (
				en,
				Base,
			);
			mainGroup = 8DF8CA2B28BD504400017DC3;
			productRefGroup = 8DF8CA3528BD504400017DC3 /* Products */;
			projectDirPath = "";
			projectRoot = "";
			targets = (
				8DF8CA3328BD504400017DC3 /* punktli */,
			);
		};
/* End PBXProject section */

/* Begin PBXResourcesBuildPhase section */
		8DF8CA3228BD504400017DC3 /* Resources */ = {
			isa = PBXResourcesBuildPhase;
			buildActionMask = 2147483647;
			files = (
				8DF8CA3F28BD504700017DC3 /* Preview Assets.xcassets in Resources */,
				8DF8CA3C28BD504700017DC3 /* Assets.xcassets in Resources */,
			);
			runOnlyForDeploymentPostprocessing = 0;
		};
/* End PBXResourcesBuildPhase section */

/* Begin PBXSourcesBuildPhase section */
		8DF8CA3028BD504400017DC3 /* Sources */ = {
			isa = PBXSourcesBuildPhase;
			buildActionMask = 2147483647;
			files = (
				8D31384928BD610F007DAB7B /* ScorePickerView.swift in Sources */,
				8D31384B28BD630A007DAB7B /* ScoreToggleView.swift in Sources */,
				8D31384328BD52D2007DAB7B /* RoundModel.swift in Sources */,
				8DF8CA3A28BD504400017DC3 /* GameView.swift in Sources */,
				8D31384728BD5931007DAB7B /* TeamScoreView.swift in Sources */,
				8D31385028BD770D007DAB7B /* SettingsView.swift in Sources */,
				8D31384D28BD6E3E007DAB7B /* RoundListView.swift in Sources */,
				8DF8CA3828BD504400017DC3 /* punktliApp.swift in Sources */,
				8D31384528BD537B007DAB7B /* GameViewModel.swift in Sources */,
				8D31384128BD5285007DAB7B /* TeamModel.swift in Sources */,
			);
			runOnlyForDeploymentPostprocessing = 0;
		};
/* End PBXSourcesBuildPhase section */

/* Begin XCBuildConfiguration section */
		8DF8CA4028BD504700017DC3 /* Debug */ = {
			isa = XCBuildConfiguration;
			buildSettings = {
				ALWAYS_SEARCH_USER_PATHS = NO;
				CLANG_ANALYZER_NONNULL = YES;
				CLANG_ANALYZER_NUMBER_OBJECT_CONVERSION = YES_AGGRESSIVE;
				CLANG_CXX_LANGUAGE_STANDARD = "gnu++20";
				CLANG_ENABLE_MODULES = YES;
				CLANG_ENABLE_OBJC_ARC = YES;
				CLANG_ENABLE_OBJC_WEAK = YES;
				CLANG_WARN_BLOCK_CAPTURE_AUTORELEASING = YES;
				CLANG_WARN_BOOL_CONVERSION = YES;
				CLANG_WARN_COMMA = YES;
				CLANG_WARN_CONSTANT_CONVERSION = YES;
				CLANG_WARN_DEPRECATED_OBJC_IMPLEMENTATIONS = YES;
				CLANG_WARN_DIRECT_OBJC_ISA_USAGE = YES_ERROR;
				CLANG_WARN_DOCUMENTATION_COMMENTS = YES;
				CLANG_WARN_EMPTY_BODY = YES;
				CLANG_WARN_ENUM_CONVERSION = YES;
				CLANG_WARN_INFINITE_RECURSION = YES;
				CLANG_WARN_INT_CONVERSION = YES;
				CLANG_WARN_NON_LITERAL_NULL_CONVERSION = YES;
				CLANG_WARN_OBJC_IMPLICIT_RETAIN_SELF = YES;
				CLANG_WARN_OBJC_LITERAL_CONVERSION = YES;
				CLANG_WARN_OBJC_ROOT_CLASS = YES_ERROR;
				CLANG_WARN_QUOTED_INCLUDE_IN_FRAMEWORK_HEADER = YES;
				CLANG_WARN_RANGE_LOOP_ANALYSIS = YES;
				CLANG_WARN_STRICT_PROTOTYPES = YES;
				CLANG_WARN_SUSPICIOUS_MOVE = YES;
				CLANG_WARN_UNGUARDED_AVAILABILITY = YES_AGGRESSIVE;
				CLANG_WARN_UNREACHABLE_CODE = YES;
				CLANG_WARN__DUPLICATE_METHOD_MATCH = YES;
				COPY_PHASE_STRIP = NO;
				DEBUG_INFORMATION_FORMAT = dwarf;
				ENABLE_STRICT_OBJC_MSGSEND = YES;
				ENABLE_TESTABILITY = YES;
				GCC_C_LANGUAGE_STANDARD = gnu11;
				GCC_DYNAMIC_NO_PIC = NO;
				GCC_NO_COMMON_BLOCKS = YES;
				GCC_OPTIMIZATION_LEVEL = 0;
				GCC_PREPROCESSOR_DEFINITIONS = (
					"DEBUG=1",
					"$(inherited)",
				);
				GCC_WARN_64_TO_32_BIT_CONVERSION = YES;
				GCC_WARN_ABOUT_RETURN_TYPE = YES_ERROR;
				GCC_WARN_UNDECLARED_SELECTOR = YES;
				GCC_WARN_UNINITIALIZED_AUTOS = YES_AGGRESSIVE;
				GCC_WARN_UNUSED_FUNCTION = YES;
				GCC_WARN_UNUSED_VARIABLE = YES;
				IPHONEOS_DEPLOYMENT_TARGET = 16.0;
				MTL_ENABLE_DEBUG_INFO = INCLUDE_SOURCE;
				MTL_FAST_MATH = YES;
				ONLY_ACTIVE_ARCH = YES;
				PRODUCT_NAME = punktli.;
				SDKROOT = iphoneos;
				SWIFT_ACTIVE_COMPILATION_CONDITIONS = DEBUG;
				SWIFT_OPTIMIZATION_LEVEL = "-Onone";
			};
			name = Debug;
		};
		8DF8CA4128BD504700017DC3 /* Release */ = {
			isa = XCBuildConfiguration;
			buildSettings = {
				ALWAYS_SEARCH_USER_PATHS = NO;
				CLANG_ANALYZER_NONNULL = YES;
				CLANG_ANALYZER_NUMBER_OBJECT_CONVERSION = YES_AGGRESSIVE;
				CLANG_CXX_LANGUAGE_STANDARD = "gnu++20";
				CLANG_ENABLE_MODULES = YES;
				CLANG_ENABLE_OBJC_ARC = YES;
				CLANG_ENABLE_OBJC_WEAK = YES;
				CLANG_WARN_BLOCK_CAPTURE_AUTORELEASING = YES;
				CLANG_WARN_BOOL_CONVERSION = YES;
				CLANG_WARN_COMMA = YES;
				CLANG_WARN_CONSTANT_CONVERSION = YES;
				CLANG_WARN_DEPRECATED_OBJC_IMPLEMENTATIONS = YES;
				CLANG_WARN_DIRECT_OBJC_ISA_USAGE = YES_ERROR;
				CLANG_WARN_DOCUMENTATION_COMMENTS = YES;
				CLANG_WARN_EMPTY_BODY = YES;
				CLANG_WARN_ENUM_CONVERSION = YES;
				CLANG_WARN_INFINITE_RECURSION = YES;
				CLANG_WARN_INT_CONVERSION = YES;
				CLANG_WARN_NON_LITERAL_NULL_CONVERSION = YES;
				CLANG_WARN_OBJC_IMPLICIT_RETAIN_SELF = YES;
				CLANG_WARN_OBJC_LITERAL_CONVERSION = YES;
				CLANG_WARN_OBJC_ROOT_CLASS = YES_ERROR;
				CLANG_WARN_QUOTED_INCLUDE_IN_FRAMEWORK_HEADER = YES;
				CLANG_WARN_RANGE_LOOP_ANALYSIS = YES;
				CLANG_WARN_STRICT_PROTOTYPES = YES;
				CLANG_WARN_SUSPICIOUS_MOVE = YES;
				CLANG_WARN_UNGUARDED_AVAILABILITY = YES_AGGRESSIVE;
				CLANG_WARN_UNREACHABLE_CODE = YES;
				CLANG_WARN__DUPLICATE_METHOD_MATCH = YES;
				COPY_PHASE_STRIP = NO;
				DEBUG_INFORMATION_FORMAT = "dwarf-with-dsym";
				ENABLE_NS_ASSERTIONS = NO;
				ENABLE_STRICT_OBJC_MSGSEND = YES;
				GCC_C_LANGUAGE_STANDARD = gnu11;
				GCC_NO_COMMON_BLOCKS = YES;
				GCC_WARN_64_TO_32_BIT_CONVERSION = YES;
				GCC_WARN_ABOUT_RETURN_TYPE = YES_ERROR;
				GCC_WARN_UNDECLARED_SELECTOR = YES;
				GCC_WARN_UNINITIALIZED_AUTOS = YES_AGGRESSIVE;
				GCC_WARN_UNUSED_FUNCTION = YES;
				GCC_WARN_UNUSED_VARIABLE = YES;
				IPHONEOS_DEPLOYMENT_TARGET = 16.0;
				MTL_ENABLE_DEBUG_INFO = NO;
				MTL_FAST_MATH = YES;
				PRODUCT_NAME = punktli.;
				SDKROOT = iphoneos;
				SWIFT_COMPILATION_MODE = wholemodule;
				SWIFT_OPTIMIZATION_LEVEL = "-O";
				VALIDATE_PRODUCT = YES;
			};
			name = Release;
		};
		8DF8CA4328BD504700017DC3 /* Debug */ = {
			isa = XCBuildConfiguration;
			buildSettings = {
				ASSETCATALOG_COMPILER_APPICON_NAME = AppIcon;
				ASSETCATALOG_COMPILER_GLOBAL_ACCENT_COLOR_NAME = AccentColor;
				CODE_SIGN_STYLE = Automatic;
				CURRENT_PROJECT_VERSION = 1;
				DEVELOPMENT_ASSET_PATHS = "\"punktli/Preview Content\"";
				ENABLE_PREVIEWS = YES;
				GENERATE_INFOPLIST_FILE = YES;
				INFOPLIST_FILE = punktli/Info.plist;
				INFOPLIST_KEY_UIApplicationSceneManifest_Generation = YES;
				INFOPLIST_KEY_UIApplicationSupportsIndirectInputEvents = YES;
				INFOPLIST_KEY_UILaunchScreen_Generation = YES;
				INFOPLIST_KEY_UISupportedInterfaceOrientations_iPad = "UIInterfaceOrientationPortrait UIInterfaceOrientationPortraitUpsideDown UIInterfaceOrientationLandscapeLeft UIInterfaceOrientationLandscapeRight";
				INFOPLIST_KEY_UISupportedInterfaceOrientations_iPhone = "UIInterfaceOrientationPortrait UIInterfaceOrientationLandscapeLeft UIInterfaceOrientationLandscapeRight";
				LD_RUNPATH_SEARCH_PATHS = (
					"$(inherited)",
					"@executable_path/Frameworks",
				);
				MARKETING_VERSION = 1.0;
				PRODUCT_BUNDLE_IDENTIFIER = studio.linea.punktli;
				PRODUCT_NAME = "$(TARGET_NAME)";
				SWIFT_EMIT_LOC_STRINGS = YES;
				SWIFT_VERSION = 5.0;
				TARGETED_DEVICE_FAMILY = "1,2";
			};
			name = Debug;
		};
		8DF8CA4428BD504700017DC3 /* Release */ = {
			isa = XCBuildConfiguration;
			buildSettings = {
				ASSETCATALOG_COMPILER_APPICON_NAME = AppIcon;
				ASSETCATALOG_COMPILER_GLOBAL_ACCENT_COLOR_NAME = AccentColor;
				CODE_SIGN_STYLE = Automatic;
				CURRENT_PROJECT_VERSION = 1;
				DEVELOPMENT_ASSET_PATHS = "\"punktli/Preview Content\"";
				ENABLE_PREVIEWS = YES;
				GENERATE_INFOPLIST_FILE = YES;
				INFOPLIST_FILE = punktli/Info.plist;
				INFOPLIST_KEY_UIApplicationSceneManifest_Generation = YES;
				INFOPLIST_KEY_UIApplicationSupportsIndirectInputEvents = YES;
				INFOPLIST_KEY_UILaunchScreen_Generation = YES;
				INFOPLIST_KEY_UISupportedInterfaceOrientations_iPad = "UIInterfaceOrientationPortrait UIInterfaceOrientationPortraitUpsideDown UIInterfaceOrientationLandscapeLeft UIInterfaceOrientationLandscapeRight";
				INFOPLIST_KEY_UISupportedInterfaceOrientations_iPhone = "UIInterfaceOrientationPortrait UIInterfaceOrientationLandscapeLeft UIInterfaceOrientationLandscapeRight";
				LD_RUNPATH_SEARCH_PATHS = (
					"$(inherited)",
					"@executable_path/Frameworks",
				);
				MARKETING_VERSION = 1.0;
				PRODUCT_BUNDLE_IDENTIFIER = studio.linea.punktli;
				PRODUCT_NAME = "$(TARGET_NAME)";
				SWIFT_EMIT_LOC_STRINGS = YES;
				SWIFT_VERSION = 5.0;
				TARGETED_DEVICE_FAMILY = "1,2";
			};
			name = Release;
		};
/* End XCBuildConfiguration section */

/* Begin XCConfigurationList section */
		8DF8CA2F28BD504400017DC3 /* Build configuration list for PBXProject "punktli" */ = {
			isa = XCConfigurationList;
			buildConfigurations = (
				8DF8CA4028BD504700017DC3 /* Debug */,
				8DF8CA4128BD504700017DC3 /* Release */,
			);
			defaultConfigurationIsVisible = 0;
			defaultConfigurationName = Release;
		};
		8DF8CA4228BD504700017DC3 /* Build configuration list for PBXNativeTarget "punktli" */ = {
			isa = XCConfigurationList;
			buildConfigurations = (
				8DF8CA4328BD504700017DC3 /* Debug */,
				8DF8CA4428BD504700017DC3 /* Release */,
			);
			defaultConfigurationIsVisible = 0;
			defaultConfigurationName = Release;
		};
/* End XCConfigurationList section */
	};
	rootObject = 8DF8CA2C28BD504400017DC3 /* Project object */;
}
